<?xml version="1.0" encoding="utf-8"?>
<Project ToolsVersion="4.0" xmlns="http://schemas.microsoft.com/developer/msbuild/2003">
  <ItemGroup>
    <ClCompile Include="main.cpp" />
    <ClCompile Include="Services\TokenService.cpp">
      <Filter>Services</Filter>
    </ClCompile>
  </ItemGroup>
  <ItemGroup>
    <ClInclude Include="symbols.hh" />
    <ClInclude Include="Services\TokenService.h">
      <Filter>Services</Filter>
    </ClInclude>
    <ClInclude Include="Services\DatabaseService.h" />
    <ClInclude Include="Services\OrmDefenitions.h" />
  </ItemGroup>
  <ItemGroup>
    <Filter Include="Services">
      <UniqueIdentifier>{ade30875-3a86-488b-8c31-383e4da93cba}</UniqueIdentifier>
    </Filter>
  </ItemGroup>
</Project>