
Microsoft Visual Studio Solution File, Format Version 12.00
# Visual Studio 15
VisualStudioVersion = 15.0.27428.2011
MinimumVisualStudioVersion = 10.0.40219.1
Project("{8BC9CEB8-8B4A-11D0-8D11-00A0C91BC942}") = "PartyOrganizer.WebAPI", "WebAPI\PartyOrganizer.WebAPI\PartyOrganizer.WebAPI.vcxproj", "{4F7CBA4B-2C5E-4904-BFC1-65E1E6798DCD}"
EndProject
Global
	GlobalSection(SolutionConfigurationPlatforms) = preSolution
		Debug|ARM = Debug|ARM
		Debug|x64 = Debug|x64
		Debug|x86 = Debug|x86
		Release|ARM = Release|ARM
		Release|x64 = Release|x64
		Release|x86 = Release|x86
	EndGlobalSection
	GlobalSection(ProjectConfigurationPlatforms) = postSolution
		{4F7CBA4B-2C5E-4904-BFC1-65E1E6798DCD}.Debug|ARM.ActiveCfg = Debug|ARM
		{4F7CBA4B-2C5E-4904-BFC1-65E1E6798DCD}.Debug|ARM.Build.0 = Debug|ARM
		{4F7CBA4B-2C5E-4904-BFC1-65E1E6798DCD}.Debug|x64.ActiveCfg = Debug|x64
		{4F7CBA4B-2C5E-4904-BFC1-65E1E6798DCD}.Debug|x64.Build.0 = Debug|x64
		{4F7CBA4B-2C5E-4904-BFC1-65E1E6798DCD}.Debug|x86.ActiveCfg = Debug|x86
		{4F7CBA4B-2C5E-4904-BFC1-65E1E6798DCD}.Debug|x86.Build.0 = Debug|x86
		{4F7CBA4B-2C5E-4904-BFC1-65E1E6798DCD}.Release|ARM.ActiveCfg = Release|ARM
		{4F7CBA4B-2C5E-4904-BFC1-65E1E6798DCD}.Release|ARM.Build.0 = Release|ARM
		{4F7CBA4B-2C5E-4904-BFC1-65E1E6798DCD}.Release|x64.ActiveCfg = Release|x64
		{4F7CBA4B-2C5E-4904-BFC1-65E1E6798DCD}.Release|x64.Build.0 = Release|x64
		{4F7CBA4B-2C5E-4904-BFC1-65E1E6798DCD}.Release|x86.ActiveCfg = Release|x86
		{4F7CBA4B-2C5E-4904-BFC1-65E1E6798DCD}.Release|x86.Build.0 = Release|x86
	EndGlobalSection
	GlobalSection(SolutionProperties) = preSolution
		HideSolutionNode = FALSE
	EndGlobalSection
	GlobalSection(ExtensibilityGlobals) = postSolution
		SolutionGuid = {8D96E148-7BF4-4066-A596-EEA06E5A5A5C}
	EndGlobalSection
EndGlobal
